
Microsoft Visual Studio Solution File, Format Version 12.00
# Visual Studio 2017
Project("{FAE04EC0-301F-11D3-BF4B-00C04F79EFBC}") = "HelloWorld", "HelloWorld.csproj", "{A2806804-1CDC-4870-869E-8291895D28A2}"
EndProject
Global
	GlobalSection(SolutionConfigurationPlatforms) = preSolution
		Debug|Any CPU = Debug|Any CPU
		Release|Any CPU = Release|Any CPU
	EndGlobalSection
	GlobalSection(ProjectConfigurationPlatforms) = postSolution
		{A2806804-1CDC-4870-869E-8291895D28A2}.Debug|Any CPU.ActiveCfg = Debug|Any CPU
		{A2806804-1CDC-4870-869E-8291895D28A2}.Debug|Any CPU.Build.0 = Debug|Any CPU
		{A2806804-1CDC-4870-869E-8291895D28A2}.Release|Any CPU.ActiveCfg = Release|Any CPU
		{A2806804-1CDC-4870-869E-8291895D28A2}.Release|Any CPU.Build.0 = Release|Any CPU
	EndGlobalSection
EndGlobal
