
Microsoft Visual Studio Solution File, Format Version 12.00
# Visual Studio 15
VisualStudioVersion = 15.0.27428.2043
MinimumVisualStudioVersion = 10.0.40219.1
Project("{FAE04EC0-301F-11D3-BF4B-00C04F79EFBC}") = "NumberGuesser", "NumberGuesser.csproj", "{99F74124-170F-4E5D-BA9F-E35A9CC042B7}"
EndProject
Global
	GlobalSection(SolutionConfigurationPlatforms) = preSolution
		Debug|Any CPU = Debug|Any CPU
		Release|Any CPU = Release|Any CPU
	EndGlobalSection
	GlobalSection(ProjectConfigurationPlatforms) = postSolution
		{99F74124-170F-4E5D-BA9F-E35A9CC042B7}.Debug|Any CPU.ActiveCfg = Debug|Any CPU
		{99F74124-170F-4E5D-BA9F-E35A9CC042B7}.Debug|Any CPU.Build.0 = Debug|Any CPU
		{99F74124-170F-4E5D-BA9F-E35A9CC042B7}.Release|Any CPU.ActiveCfg = Release|Any CPU
		{99F74124-170F-4E5D-BA9F-E35A9CC042B7}.Release|Any CPU.Build.0 = Release|Any CPU
	EndGlobalSection
	GlobalSection(SolutionProperties) = preSolution
		HideSolutionNode = FALSE
	EndGlobalSection
	GlobalSection(ExtensibilityGlobals) = postSolution
		SolutionGuid = {F46954AD-9A5B-4228-B541-8C8215929CB7}
	EndGlobalSection
EndGlobal
